
Microsoft Visual Studio Solution File, Format Version 12.00
# Visual Studio Version 17
VisualStudioVersion = 17.13.35818.85 d17.13
MinimumVisualStudioVersion = 10.0.40219.1
Project("{FAE04EC0-301F-11D3-BF4B-00C04F79EFBC}") = "arkanoidVideogioco", "arkanoidVideogioco\arkanoidVideogioco.csproj", "{ED23BE99-15B9-46A4-BA58-FC8FE358F529}"
EndProject
Global
	GlobalSection(SolutionConfigurationPlatforms) = preSolution
		Debug|Any CPU = Debug|Any CPU
		Release|Any CPU = Release|Any CPU
	EndGlobalSection
	GlobalSection(ProjectConfigurationPlatforms) = postSolution
		{ED23BE99-15B9-46A4-BA58-FC8FE358F529}.Debug|Any CPU.ActiveCfg = Debug|Any CPU
		{ED23BE99-15B9-46A4-BA58-FC8FE358F529}.Debug|Any CPU.Build.0 = Debug|Any CPU
		{ED23BE99-15B9-46A4-BA58-FC8FE358F529}.Release|Any CPU.ActiveCfg = Release|Any CPU
		{ED23BE99-15B9-46A4-BA58-FC8FE358F529}.Release|Any CPU.Build.0 = Release|Any CPU
	EndGlobalSection
	GlobalSection(SolutionProperties) = preSolution
		HideSolutionNode = FALSE
	EndGlobalSection
	GlobalSection(ExtensibilityGlobals) = postSolution
		SolutionGuid = {EE9537AA-4AE8-4CD0-AFCD-465436407F8B}
	EndGlobalSection
EndGlobal
